
Microsoft Visual Studio Solution File, Format Version 12.00
# Visual Studio Version 17
VisualStudioVersion = 17.6.33815.320
MinimumVisualStudioVersion = 10.0.40219.1
Project("{FAE04EC0-301F-11D3-BF4B-00C04F79EFBC}") = "CustomGetProcAddress", "CustomGetProcAddress\CustomGetProcAddress.csproj", "{8F2B7CC1-5678-4B51-8DBE-3FABAEEC8039}"
EndProject
Global
	GlobalSection(SolutionConfigurationPlatforms) = preSolution
		Debug|Any CPU = Debug|Any CPU
		Release|Any CPU = Release|Any CPU
	EndGlobalSection
	GlobalSection(ProjectConfigurationPlatforms) = postSolution
		{8F2B7CC1-5678-4B51-8DBE-3FABAEEC8039}.Debug|Any CPU.ActiveCfg = Debug|Any CPU
		{8F2B7CC1-5678-4B51-8DBE-3FABAEEC8039}.Debug|Any CPU.Build.0 = Debug|Any CPU
		{8F2B7CC1-5678-4B51-8DBE-3FABAEEC8039}.Release|Any CPU.ActiveCfg = Release|Any CPU
		{8F2B7CC1-5678-4B51-8DBE-3FABAEEC8039}.Release|Any CPU.Build.0 = Release|Any CPU
	EndGlobalSection
	GlobalSection(SolutionProperties) = preSolution
		HideSolutionNode = FALSE
	EndGlobalSection
	GlobalSection(ExtensibilityGlobals) = postSolution
		SolutionGuid = {856EFE64-1383-46DE-9AA5-3652A1EBF5AC}
	EndGlobalSection
EndGlobal
